
Microsoft Visual Studio Solution File, Format Version 12.00
# Visual Studio Version 17
VisualStudioVersion = 17.9.34902.65
MinimumVisualStudioVersion = 10.0.40219.1
Project("{FAE04EC0-301F-11D3-BF4B-00C04F79EFBC}") = "Meal_Management_system", "Meal_Management_system.csproj", "{3E8B1E38-8C3A-405C-B425-6BD9A8933D14}"
EndProject
Global
	GlobalSection(SolutionConfigurationPlatforms) = preSolution
		Debug|Any CPU = Debug|Any CPU
		Release|Any CPU = Release|Any CPU
	EndGlobalSection
	GlobalSection(ProjectConfigurationPlatforms) = postSolution
		{3E8B1E38-8C3A-405C-B425-6BD9A8933D14}.Debug|Any CPU.ActiveCfg = Debug|Any CPU
		{3E8B1E38-8C3A-405C-B425-6BD9A8933D14}.Debug|Any CPU.Build.0 = Debug|Any CPU
		{3E8B1E38-8C3A-405C-B425-6BD9A8933D14}.Release|Any CPU.ActiveCfg = Release|Any CPU
		{3E8B1E38-8C3A-405C-B425-6BD9A8933D14}.Release|Any CPU.Build.0 = Release|Any CPU
	EndGlobalSection
	GlobalSection(SolutionProperties) = preSolution
		HideSolutionNode = FALSE
	EndGlobalSection
	GlobalSection(ExtensibilityGlobals) = postSolution
		SolutionGuid = {7640F190-6051-428D-B403-8DAAAF61B71F}
	EndGlobalSection
EndGlobal
